
Microsoft Visual Studio Solution File, Format Version 12.00
# Visual Studio Version 16
VisualStudioVersion = 16.0.31911.196
MinimumVisualStudioVersion = 10.0.40219.1
Project("{FAE04EC0-301F-11D3-BF4B-00C04F79EFBC}") = "RolePlayGame", "RolePlayGame\RolePlayGame.csproj", "{A9CA7C45-2389-4D65-BCEA-C44BDD25BC95}"
EndProject
Global
	GlobalSection(SolutionConfigurationPlatforms) = preSolution
		Debug|Any CPU = Debug|Any CPU
		Release|Any CPU = Release|Any CPU
	EndGlobalSection
	GlobalSection(ProjectConfigurationPlatforms) = postSolution
		{A9CA7C45-2389-4D65-BCEA-C44BDD25BC95}.Debug|Any CPU.ActiveCfg = Debug|Any CPU
		{A9CA7C45-2389-4D65-BCEA-C44BDD25BC95}.Debug|Any CPU.Build.0 = Debug|Any CPU
		{A9CA7C45-2389-4D65-BCEA-C44BDD25BC95}.Release|Any CPU.ActiveCfg = Release|Any CPU
		{A9CA7C45-2389-4D65-BCEA-C44BDD25BC95}.Release|Any CPU.Build.0 = Release|Any CPU
	EndGlobalSection
	GlobalSection(SolutionProperties) = preSolution
		HideSolutionNode = FALSE
	EndGlobalSection
	GlobalSection(ExtensibilityGlobals) = postSolution
		SolutionGuid = {B9705600-5D75-4E05-85E1-6C124CFC5F20}
	EndGlobalSection
EndGlobal
